<Solution>
  <Folder Name="/Solution Items/">
    <File Path=".gitignore" />
    <File Path="README.md" />
  </Folder>
  <Project Path="SkyPulse.Core/SkyPulse.Core.csproj" />
  <Project Path="SkyPulse.Infrastructure/SkyPulse.Infrastructure.csproj" />
  <Project Path="SkyPulse.Web/SkyPulse.Web.csproj" />
</Solution>
